
Microsoft Visual Studio Solution File, Format Version 12.00
# Visual Studio Version 16
VisualStudioVersion = 16.0.28803.452
MinimumVisualStudioVersion = 10.0.40219.1
Project("{9A19103F-16F7-4668-BE54-9A1E7A4F7556}") = "Design Pattern Code", "Design Pattern Code\Design Pattern Code.csproj", "{79C9BE14-CC40-443E-A9C9-911407E054D6}"
EndProject
Global
	GlobalSection(SolutionConfigurationPlatforms) = preSolution
		Debug|Any CPU = Debug|Any CPU
		Release|Any CPU = Release|Any CPU
	EndGlobalSection
	GlobalSection(ProjectConfigurationPlatforms) = postSolution
		{79C9BE14-CC40-443E-A9C9-911407E054D6}.Debug|Any CPU.ActiveCfg = Debug|Any CPU
		{79C9BE14-CC40-443E-A9C9-911407E054D6}.Debug|Any CPU.Build.0 = Debug|Any CPU
		{79C9BE14-CC40-443E-A9C9-911407E054D6}.Release|Any CPU.ActiveCfg = Release|Any CPU
		{79C9BE14-CC40-443E-A9C9-911407E054D6}.Release|Any CPU.Build.0 = Release|Any CPU
	EndGlobalSection
	GlobalSection(SolutionProperties) = preSolution
		HideSolutionNode = FALSE
	EndGlobalSection
	GlobalSection(ExtensibilityGlobals) = postSolution
		SolutionGuid = {CBBBA87E-BC09-4BBA-9342-BAEF26653F72}
	EndGlobalSection
EndGlobal
